// !$*UTF8*$!
{
	archiveVersion = 1;
	classes = {
	};
	objectVersion = 46;
	objects = {

/* Begin PBXBuildFile section */
		4378955EA295B5D6AFEC246D /* Pods_MoviesUITests.framework in Frameworks */ = {isa = PBXBuildFile; fileRef = 595056B053990DDE25C62D5F /* Pods_MoviesUITests.framework */; };
		B41BFD851EB96C57009AF1E0 /* AppDelegate.swift in Sources */ = {isa = PBXBuildFile; fileRef = B41BFD841EB96C57009AF1E0 /* AppDelegate.swift */; };
		B41BFD871EB96C57009AF1E0 /* ViewController.swift in Sources */ = {isa = PBXBuildFile; fileRef = B41BFD861EB96C57009AF1E0 /* ViewController.swift */; };
		B41BFD8A1EB96C57009AF1E0 /* Main.storyboard in Resources */ = {isa = PBXBuildFile; fileRef = B41BFD881EB96C57009AF1E0 /* Main.storyboard */; };
		B41BFD8D1EB96C57009AF1E0 /* Movies.xcdatamodeld in Sources */ = {isa = PBXBuildFile; fileRef = B41BFD8B1EB96C57009AF1E0 /* Movies.xcdatamodeld */; };
		B41BFD8F1EB96C57009AF1E0 /* Assets.xcassets in Resources */ = {isa = PBXBuildFile; fileRef = B41BFD8E1EB96C57009AF1E0 /* Assets.xcassets */; };
		B41BFD921EB96C57009AF1E0 /* LaunchScreen.storyboard in Resources */ = {isa = PBXBuildFile; fileRef = B41BFD901EB96C57009AF1E0 /* LaunchScreen.storyboard */; };
		B41BFD9D1EB96C57009AF1E0 /* MoviesTests.swift in Sources */ = {isa = PBXBuildFile; fileRef = B41BFD9C1EB96C57009AF1E0 /* MoviesTests.swift */; };
		B41BFDA81EB96C57009AF1E0 /* MoviesUITests.swift in Sources */ = {isa = PBXBuildFile; fileRef = B41BFDA71EB96C57009AF1E0 /* MoviesUITests.swift */; };
		B41BFDB61EB993E3009AF1E0 /* MovieDetailViewController.swift in Sources */ = {isa = PBXBuildFile; fileRef = B41BFDB51EB993E3009AF1E0 /* MovieDetailViewController.swift */; };
		B41BFDB81EBA2513009AF1E0 /* MovieResultModel.swift in Sources */ = {isa = PBXBuildFile; fileRef = B41BFDB71EBA2513009AF1E0 /* MovieResultModel.swift */; };
		B41BFDBA1EBA512E009AF1E0 /* MovieImageDetailCell.swift in Sources */ = {isa = PBXBuildFile; fileRef = B41BFDB91EBA512E009AF1E0 /* MovieImageDetailCell.swift */; };
		B41BFDBC1EBA756E009AF1E0 /* MovieListTableViewCell.swift in Sources */ = {isa = PBXBuildFile; fileRef = B41BFDBB1EBA756E009AF1E0 /* MovieListTableViewCell.swift */; };
		F8196ECFAFF32EC66D0B14EF /* Pods_Movies.framework in Frameworks */ = {isa = PBXBuildFile; fileRef = BF2F9DD1174B2AF756F15E9D /* Pods_Movies.framework */; };
		FA7B71C2672631687182500B /* Pods_MoviesTests.framework in Frameworks */ = {isa = PBXBuildFile; fileRef = C5E1BE9C7DA26FCFC9F598A3 /* Pods_MoviesTests.framework */; };
/* End PBXBuildFile section */

/* Begin PBXContainerItemProxy section */
		B41BFD991EB96C57009AF1E0 /* PBXContainerItemProxy */ = {
			isa = PBXContainerItemProxy;
			containerPortal = B41BFD791EB96C57009AF1E0 /* Project object */;
			proxyType = 1;
			remoteGlobalIDString = B41BFD801EB96C57009AF1E0;
			remoteInfo = Movies;
		};
		B41BFDA41EB96C57009AF1E0 /* PBXContainerItemProxy */ = {
			isa = PBXContainerItemProxy;
			containerPortal = B41BFD791EB96C57009AF1E0 /* Project object */;
			proxyType = 1;
			remoteGlobalIDString = B41BFD801EB96C57009AF1E0;
			remoteInfo = Movies;
		};
/* End PBXContainerItemProxy section */

/* Begin PBXFileReference section */
		30CD6038E3CAB4D52FE4AB13 /* Pods-Movies.release.xcconfig */ = {isa = PBXFileReference; includeInIndex = 1; lastKnownFileType = text.xcconfig; name = "Pods-Movies.release.xcconfig"; path = "Pods/Target Support Files/Pods-Movies/Pods-Movies.release.xcconfig"; sourceTree = "<group>"; };
		3F9B7E05A4A62C4B6FD0EF80 /* Pods-MoviesTests.debug.xcconfig */ = {isa = PBXFileReference; includeInIndex = 1; lastKnownFileType = text.xcconfig; name = "Pods-MoviesTests.debug.xcconfig"; path = "Pods/Target Support Files/Pods-MoviesTests/Pods-MoviesTests.debug.xcconfig"; sourceTree = "<group>"; };
		595056B053990DDE25C62D5F /* Pods_MoviesUITests.framework */ = {isa = PBXFileReference; explicitFileType = wrapper.framework; includeInIndex = 0; path = Pods_MoviesUITests.framework; sourceTree = BUILT_PRODUCTS_DIR; };
		616E31BB465C003E2A8F6ABA /* Pods-MoviesUITests.debug.xcconfig */ = {isa = PBXFileReference; includeInIndex = 1; lastKnownFileType = text.xcconfig; name = "Pods-MoviesUITests.debug.xcconfig"; path = "Pods/Target Support Files/Pods-MoviesUITests/Pods-MoviesUITests.debug.xcconfig"; sourceTree = "<group>"; };
		B1D7B8D20E8D6AC57F05F650 /* Pods-MoviesUITests.release.xcconfig */ = {isa = PBXFileReference; includeInIndex = 1; lastKnownFileType = text.xcconfig; name = "Pods-MoviesUITests.release.xcconfig"; path = "Pods/Target Support Files/Pods-MoviesUITests/Pods-MoviesUITests.release.xcconfig"; sourceTree = "<group>"; };
		B41BFD811EB96C57009AF1E0 /* Movies.app */ = {isa = PBXFileReference; explicitFileType = wrapper.application; includeInIndex = 0; path = Movies.app; sourceTree = BUILT_PRODUCTS_DIR; };
		B41BFD841EB96C57009AF1E0 /* AppDelegate.swift */ = {isa = PBXFileReference; lastKnownFileType = sourcecode.swift; path = AppDelegate.swift; sourceTree = "<group>"; };
		B41BFD861EB96C57009AF1E0 /* ViewController.swift */ = {isa = PBXFileReference; lastKnownFileType = sourcecode.swift; path = ViewController.swift; sourceTree = "<group>"; };
		B41BFD891EB96C57009AF1E0 /* Base */ = {isa = PBXFileReference; lastKnownFileType = file.storyboard; name = Base; path = Base.lproj/Main.storyboard; sourceTree = "<group>"; };
		B41BFD8C1EB96C57009AF1E0 /* Movies.xcdatamodel */ = {isa = PBXFileReference; lastKnownFileType = wrapper.xcdatamodel; path = Movies.xcdatamodel; sourceTree = "<group>"; };
		B41BFD8E1EB96C57009AF1E0 /* Assets.xcassets */ = {isa = PBXFileReference; lastKnownFileType = folder.assetcatalog; path = Assets.xcassets; sourceTree = "<group>"; };
		B41BFD911EB96C57009AF1E0 /* Base */ = {isa = PBXFileReference; lastKnownFileType = file.storyboard; name = Base; path = Base.lproj/LaunchScreen.storyboard; sourceTree = "<group>"; };
		B41BFD931EB96C57009AF1E0 /* Info.plist */ = {isa = PBXFileReference; lastKnownFileType = text.plist.xml; path = Info.plist; sourceTree = "<group>"; };
		B41BFD981EB96C57009AF1E0 /* MoviesTests.xctest */ = {isa = PBXFileReference; explicitFileType = wrapper.cfbundle; includeInIndex = 0; path = MoviesTests.xctest; sourceTree = BUILT_PRODUCTS_DIR; };
		B41BFD9C1EB96C57009AF1E0 /* MoviesTests.swift */ = {isa = PBXFileReference; lastKnownFileType = sourcecode.swift; path = MoviesTests.swift; sourceTree = "<group>"; };
		B41BFD9E1EB96C57009AF1E0 /* Info.plist */ = {isa = PBXFileReference; lastKnownFileType = text.plist.xml; path = Info.plist; sourceTree = "<group>"; };
		B41BFDA31EB96C57009AF1E0 /* MoviesUITests.xctest */ = {isa = PBXFileReference; explicitFileType = wrapper.cfbundle; includeInIndex = 0; path = MoviesUITests.xctest; sourceTree = BUILT_PRODUCTS_DIR; };
		B41BFDA71EB96C57009AF1E0 /* MoviesUITests.swift */ = {isa = PBXFileReference; lastKnownFileType = sourcecode.swift; path = MoviesUITests.swift; sourceTree = "<group>"; };
		B41BFDA91EB96C57009AF1E0 /* Info.plist */ = {isa = PBXFileReference; lastKnownFileType = text.plist.xml; path = Info.plist; sourceTree = "<group>"; };
		B41BFDB51EB993E3009AF1E0 /* MovieDetailViewController.swift */ = {isa = PBXFileReference; fileEncoding = 4; lastKnownFileType = sourcecode.swift; path = MovieDetailViewController.swift; sourceTree = "<group>"; };
		B41BFDB71EBA2513009AF1E0 /* MovieResultModel.swift */ = {isa = PBXFileReference; fileEncoding = 4; lastKnownFileType = sourcecode.swift; path = MovieResultModel.swift; sourceTree = "<group>"; };
		B41BFDB91EBA512E009AF1E0 /* MovieImageDetailCell.swift */ = {isa = PBXFileReference; fileEncoding = 4; lastKnownFileType = sourcecode.swift; path = MovieImageDetailCell.swift; sourceTree = "<group>"; };
		B41BFDBB1EBA756E009AF1E0 /* MovieListTableViewCell.swift */ = {isa = PBXFileReference; fileEncoding = 4; lastKnownFileType = sourcecode.swift; path = MovieListTableViewCell.swift; sourceTree = "<group>"; };
		B82652AC614988F3D986B735 /* Pods-MoviesTests.release.xcconfig */ = {isa = PBXFileReference; includeInIndex = 1; lastKnownFileType = text.xcconfig; name = "Pods-MoviesTests.release.xcconfig"; path = "Pods/Target Support Files/Pods-MoviesTests/Pods-MoviesTests.release.xcconfig"; sourceTree = "<group>"; };
		BF2F9DD1174B2AF756F15E9D /* Pods_Movies.framework */ = {isa = PBXFileReference; explicitFileType = wrapper.framework; includeInIndex = 0; path = Pods_Movies.framework; sourceTree = BUILT_PRODUCTS_DIR; };
		C5E1BE9C7DA26FCFC9F598A3 /* Pods_MoviesTests.framework */ = {isa = PBXFileReference; explicitFileType = wrapper.framework; includeInIndex = 0; path = Pods_MoviesTests.framework; sourceTree = BUILT_PRODUCTS_DIR; };
		DF532A327602E7B040390DD5 /* Pods-Movies.debug.xcconfig */ = {isa = PBXFileReference; includeInIndex = 1; lastKnownFileType = text.xcconfig; name = "Pods-Movies.debug.xcconfig"; path = "Pods/Target Support Files/Pods-Movies/Pods-Movies.debug.xcconfig"; sourceTree = "<group>"; };
/* End PBXFileReference section */

/* Begin PBXFrameworksBuildPhase section */
		B41BFD7E1EB96C57009AF1E0 /* Frameworks */ = {
			isa = PBXFrameworksBuildPhase;
			buildActionMask = 2147483647;
			files = (
				F8196ECFAFF32EC66D0B14EF /* Pods_Movies.framework in Frameworks */,
			);
			runOnlyForDeploymentPostprocessing = 0;
		};
		B41BFD951EB96C57009AF1E0 /* Frameworks */ = {
			isa = PBXFrameworksBuildPhase;
			buildActionMask = 2147483647;
			files = (
				FA7B71C2672631687182500B /* Pods_MoviesTests.framework in Frameworks */,
			);
			runOnlyForDeploymentPostprocessing = 0;
		};
		B41BFDA01EB96C57009AF1E0 /* Frameworks */ = {
			isa = PBXFrameworksBuildPhase;
			buildActionMask = 2147483647;
			files = (
				4378955EA295B5D6AFEC246D /* Pods_MoviesUITests.framework in Frameworks */,
			);
			runOnlyForDeploymentPostprocessing = 0;
		};
/* End PBXFrameworksBuildPhase section */

/* Begin PBXGroup section */
		41B617486350E07670392678 /* Frameworks */ = {
			isa = PBXGroup;
			children = (
				BF2F9DD1174B2AF756F15E9D /* Pods_Movies.framework */,
				C5E1BE9C7DA26FCFC9F598A3 /* Pods_MoviesTests.framework */,
				595056B053990DDE25C62D5F /* Pods_MoviesUITests.framework */,
			);
			name = Frameworks;
			sourceTree = "<group>";
		};
		6CE6FBB79818270E77D355FE /* Pods */ = {
			isa = PBXGroup;
			children = (
				DF532A327602E7B040390DD5 /* Pods-Movies.debug.xcconfig */,
				30CD6038E3CAB4D52FE4AB13 /* Pods-Movies.release.xcconfig */,
				3F9B7E05A4A62C4B6FD0EF80 /* Pods-MoviesTests.debug.xcconfig */,
				B82652AC614988F3D986B735 /* Pods-MoviesTests.release.xcconfig */,
				616E31BB465C003E2A8F6ABA /* Pods-MoviesUITests.debug.xcconfig */,
				B1D7B8D20E8D6AC57F05F650 /* Pods-MoviesUITests.release.xcconfig */,
			);
			name = Pods;
			sourceTree = "<group>";
		};
		B41BFD781EB96C57009AF1E0 = {
			isa = PBXGroup;
			children = (
				B41BFD831EB96C57009AF1E0 /* Movies */,
				B41BFD9B1EB96C57009AF1E0 /* MoviesTests */,
				B41BFDA61EB96C57009AF1E0 /* MoviesUITests */,
				B41BFD821EB96C57009AF1E0 /* Products */,
				6CE6FBB79818270E77D355FE /* Pods */,
				41B617486350E07670392678 /* Frameworks */,
			);
			sourceTree = "<group>";
		};
		B41BFD821EB96C57009AF1E0 /* Products */ = {
			isa = PBXGroup;
			children = (
				B41BFD811EB96C57009AF1E0 /* Movies.app */,
				B41BFD981EB96C57009AF1E0 /* MoviesTests.xctest */,
				B41BFDA31EB96C57009AF1E0 /* MoviesUITests.xctest */,
			);
			name = Products;
			sourceTree = "<group>";
		};
		B41BFD831EB96C57009AF1E0 /* Movies */ = {
			isa = PBXGroup;
			children = (
				B41BFD841EB96C57009AF1E0 /* AppDelegate.swift */,
				B41BFD861EB96C57009AF1E0 /* ViewController.swift */,
				B41BFD881EB96C57009AF1E0 /* Main.storyboard */,
				B41BFDBB1EBA756E009AF1E0 /* MovieListTableViewCell.swift */,
				B41BFDB91EBA512E009AF1E0 /* MovieImageDetailCell.swift */,
				B41BFDB51EB993E3009AF1E0 /* MovieDetailViewController.swift */,
				B41BFDB71EBA2513009AF1E0 /* MovieResultModel.swift */,
				B41BFD8E1EB96C57009AF1E0 /* Assets.xcassets */,
				B41BFD901EB96C57009AF1E0 /* LaunchScreen.storyboard */,
				B41BFD931EB96C57009AF1E0 /* Info.plist */,
				B41BFD8B1EB96C57009AF1E0 /* Movies.xcdatamodeld */,
			);
			path = Movies;
			sourceTree = "<group>";
		};
		B41BFD9B1EB96C57009AF1E0 /* MoviesTests */ = {
			isa = PBXGroup;
			children = (
				B41BFD9C1EB96C57009AF1E0 /* MoviesTests.swift */,
				B41BFD9E1EB96C57009AF1E0 /* Info.plist */,
			);
			path = MoviesTests;
			sourceTree = "<group>";
		};
		B41BFDA61EB96C57009AF1E0 /* MoviesUITests */ = {
			isa = PBXGroup;
			children = (
				B41BFDA71EB96C57009AF1E0 /* MoviesUITests.swift */,
				B41BFDA91EB96C57009AF1E0 /* Info.plist */,
			);
			path = MoviesUITests;
			sourceTree = "<group>";
		};
/* End PBXGroup section */

/* Begin PBXNativeTarget section */
		B41BFD801EB96C57009AF1E0 /* Movies */ = {
			isa = PBXNativeTarget;
			buildConfigurationList = B41BFDAC1EB96C57009AF1E0 /* Build configuration list for PBXNativeTarget "Movies" */;
			buildPhases = (
				F87844C621D27ABEC2BAAF87 /* [CP] Check Pods Manifest.lock */,
				B41BFD7D1EB96C57009AF1E0 /* Sources */,
				B41BFD7E1EB96C57009AF1E0 /* Frameworks */,
				B41BFD7F1EB96C57009AF1E0 /* Resources */,
				E361A2448608CD95EB8A6706 /* [CP] Embed Pods Frameworks */,
				01037A54B9801828F37BFAB1 /* [CP] Copy Pods Resources */,
			);
			buildRules = (
			);
			dependencies = (
			);
			name = Movies;
			productName = Movies;
			productReference = B41BFD811EB96C57009AF1E0 /* Movies.app */;
			productType = "com.apple.product-type.application";
		};
		B41BFD971EB96C57009AF1E0 /* MoviesTests */ = {
			isa = PBXNativeTarget;
			buildConfigurationList = B41BFDAF1EB96C57009AF1E0 /* Build configuration list for PBXNativeTarget "MoviesTests" */;
			buildPhases = (
				EAC43BC9637A9593A455DADC /* [CP] Check Pods Manifest.lock */,
				B41BFD941EB96C57009AF1E0 /* Sources */,
				B41BFD951EB96C57009AF1E0 /* Frameworks */,
				B41BFD961EB96C57009AF1E0 /* Resources */,
				E08E1D6DEF15DF3050D75ACF /* [CP] Embed Pods Frameworks */,
				BB3C36807B1F4A297EF91C00 /* [CP] Copy Pods Resources */,
			);
			buildRules = (
			);
			dependencies = (
				B41BFD9A1EB96C57009AF1E0 /* PBXTargetDependency */,
			);
			name = MoviesTests;
			productName = MoviesTests;
			productReference = B41BFD981EB96C57009AF1E0 /* MoviesTests.xctest */;
			productType = "com.apple.product-type.bundle.unit-test";
		};
		B41BFDA21EB96C57009AF1E0 /* MoviesUITests */ = {
			isa = PBXNativeTarget;
			buildConfigurationList = B41BFDB21EB96C57009AF1E0 /* Build configuration list for PBXNativeTarget "MoviesUITests" */;
			buildPhases = (
				D842A6E5518C1664B0C99441 /* [CP] Check Pods Manifest.lock */,
				B41BFD9F1EB96C57009AF1E0 /* Sources */,
				B41BFDA01EB96C57009AF1E0 /* Frameworks */,
				B41BFDA11EB96C57009AF1E0 /* Resources */,
				9A3C9C4A976CB27102EE441C /* [CP] Embed Pods Frameworks */,
				F6F57EDA63A90B3142E4E8D2 /* [CP] Copy Pods Resources */,
			);
			buildRules = (
			);
			dependencies = (
				B41BFDA51EB96C57009AF1E0 /* PBXTargetDependency */,
			);
			name = MoviesUITests;
			productName = MoviesUITests;
			productReference = B41BFDA31EB96C57009AF1E0 /* MoviesUITests.xctest */;
			productType = "com.apple.product-type.bundle.ui-testing";
		};
/* End PBXNativeTarget section */

/* Begin PBXProject section */
		B41BFD791EB96C57009AF1E0 /* Project object */ = {
			isa = PBXProject;
			attributes = {
				LastSwiftUpdateCheck = 0820;
				LastUpgradeCheck = 0820;
				ORGANIZATIONNAME = "Subashree Malla Lokanathan";
				TargetAttributes = {
					B41BFD801EB96C57009AF1E0 = {
						CreatedOnToolsVersion = 8.2.1;
						ProvisioningStyle = Automatic;
					};
					B41BFD971EB96C57009AF1E0 = {
						CreatedOnToolsVersion = 8.2.1;
						ProvisioningStyle = Automatic;
						TestTargetID = B41BFD801EB96C57009AF1E0;
					};
					B41BFDA21EB96C57009AF1E0 = {
						CreatedOnToolsVersion = 8.2.1;
						ProvisioningStyle = Automatic;
						TestTargetID = B41BFD801EB96C57009AF1E0;
					};
				};
			};
			buildConfigurationList = B41BFD7C1EB96C57009AF1E0 /* Build configuration list for PBXProject "Movies" */;
			compatibilityVersion = "Xcode 3.2";
			developmentRegion = English;
			hasScannedForEncodings = 0;
			knownRegions = (
				en,
				Base,
			);
			mainGroup = B41BFD781EB96C57009AF1E0;
			productRefGroup = B41BFD821EB96C57009AF1E0 /* Products */;
			projectDirPath = "";
			projectRoot = "";
			targets = (
				B41BFD801EB96C57009AF1E0 /* Movies */,
				B41BFD971EB96C57009AF1E0 /* MoviesTests */,
				B41BFDA21EB96C57009AF1E0 /* MoviesUITests */,
			);
		};
/* End PBXProject section */

/* Begin PBXResourcesBuildPhase section */
		B41BFD7F1EB96C57009AF1E0 /* Resources */ = {
			isa = PBXResourcesBuildPhase;
			buildActionMask = 2147483647;
			files = (
				B41BFD921EB96C57009AF1E0 /* LaunchScreen.storyboard in Resources */,
				B41BFD8F1EB96C57009AF1E0 /* Assets.xcassets in Resources */,
				B41BFD8A1EB96C57009AF1E0 /* Main.storyboard in Resources */,
			);
			runOnlyForDeploymentPostprocessing = 0;
		};
		B41BFD961EB96C57009AF1E0 /* Resources */ = {
			isa = PBXResourcesBuildPhase;
			buildActionMask = 2147483647;
			files = (
			);
			runOnlyForDeploymentPostprocessing = 0;
		};
		B41BFDA11EB96C57009AF1E0 /* Resources */ = {
			isa = PBXResourcesBuildPhase;
			buildActionMask = 2147483647;
			files = (
			);
			runOnlyForDeploymentPostprocessing = 0;
		};
/* End PBXResourcesBuildPhase section */

/* Begin PBXShellScriptBuildPhase section */
		01037A54B9801828F37BFAB1 /* [CP] Copy Pods Resources */ = {
			isa = PBXShellScriptBuildPhase;
			buildActionMask = 2147483647;
			files = (
			);
			inputPaths = (
			);
			name = "[CP] Copy Pods Resources";
			outputPaths = (
			);
			runOnlyForDeploymentPostprocessing = 0;
			shellPath = /bin/sh;
			shellScript = "\"${SRCROOT}/Pods/Target Support Files/Pods-Movies/Pods-Movies-resources.sh\"\n";
			showEnvVarsInLog = 0;
		};
		9A3C9C4A976CB27102EE441C /* [CP] Embed Pods Frameworks */ = {
			isa = PBXShellScriptBuildPhase;
			buildActionMask = 2147483647;
			files = (
			);
			inputPaths = (
			);
			name = "[CP] Embed Pods Frameworks";
			outputPaths = (
			);
			runOnlyForDeploymentPostprocessing = 0;
			shellPath = /bin/sh;
			shellScript = "\"${SRCROOT}/Pods/Target Support Files/Pods-MoviesUITests/Pods-MoviesUITests-frameworks.sh\"\n";
			showEnvVarsInLog = 0;
		};
		BB3C36807B1F4A297EF91C00 /* [CP] Copy Pods Resources */ = {
			isa = PBXShellScriptBuildPhase;
			buildActionMask = 2147483647;
			files = (
			);
			inputPaths = (
			);
			name = "[CP] Copy Pods Resources";
			outputPaths = (
			);
			runOnlyForDeploymentPostprocessing = 0;
			shellPath = /bin/sh;
			shellScript = "\"${SRCROOT}/Pods/Target Support Files/Pods-MoviesTests/Pods-MoviesTests-resources.sh\"\n";
			showEnvVarsInLog = 0;
		};
		D842A6E5518C1664B0C99441 /* [CP] Check Pods Manifest.lock */ = {
			isa = PBXShellScriptBuildPhase;
			buildActionMask = 2147483647;
			files = (
			);
			inputPaths = (
			);
			name = "[CP] Check Pods Manifest.lock";
			outputPaths = (
			);
			runOnlyForDeploymentPostprocessing = 0;
			shellPath = /bin/sh;
			shellScript = "diff \"${PODS_PODFILE_DIR_PATH}/Podfile.lock\" \"${PODS_ROOT}/Manifest.lock\" > /dev/null\nif [ $? != 0 ] ; then\n    # print error to STDERR\n    echo \"error: The sandbox is not in sync with the Podfile.lock. Run 'pod install' or update your CocoaPods installation.\" >&2\n    exit 1\nfi\n";
			showEnvVarsInLog = 0;
		};
		E08E1D6DEF15DF3050D75ACF /* [CP] Embed Pods Frameworks */ = {
			isa = PBXShellScriptBuildPhase;
			buildActionMask = 2147483647;
			files = (
			);
			inputPaths = (
			);
			name = "[CP] Embed Pods Frameworks";
			outputPaths = (
			);
			runOnlyForDeploymentPostprocessing = 0;
			shellPath = /bin/sh;
			shellScript = "\"${SRCROOT}/Pods/Target Support Files/Pods-MoviesTests/Pods-MoviesTests-frameworks.sh\"\n";
			showEnvVarsInLog = 0;
		};
		E361A2448608CD95EB8A6706 /* [CP] Embed Pods Frameworks */ = {
			isa = PBXShellScriptBuildPhase;
			buildActionMask = 2147483647;
			files = (
			);
			inputPaths = (
			);
			name = "[CP] Embed Pods Frameworks";
			outputPaths = (
			);
			runOnlyForDeploymentPostprocessing = 0;
			shellPath = /bin/sh;
			shellScript = "\"${SRCROOT}/Pods/Target Support Files/Pods-Movies/Pods-Movies-frameworks.sh\"\n";
			showEnvVarsInLog = 0;
		};
		EAC43BC9637A9593A455DADC /* [CP] Check Pods Manifest.lock */ = {
			isa = PBXShellScriptBuildPhase;
			buildActionMask = 2147483647;
			files = (
			);
			inputPaths = (
			);
			name = "[CP] Check Pods Manifest.lock";
			outputPaths = (
			);
			runOnlyForDeploymentPostprocessing = 0;
			shellPath = /bin/sh;
			shellScript = "diff \"${PODS_PODFILE_DIR_PATH}/Podfile.lock\" \"${PODS_ROOT}/Manifest.lock\" > /dev/null\nif [ $? != 0 ] ; then\n    # print error to STDERR\n    echo \"error: The sandbox is not in sync with the Podfile.lock. Run 'pod install' or update your CocoaPods installation.\" >&2\n    exit 1\nfi\n";
			showEnvVarsInLog = 0;
		};
		F6F57EDA63A90B3142E4E8D2 /* [CP] Copy Pods Resources */ = {
			isa = PBXShellScriptBuildPhase;
			buildActionMask = 2147483647;
			files = (
			);
			inputPaths = (
			);
			name = "[CP] Copy Pods Resources";
			outputPaths = (
			);
			runOnlyForDeploymentPostprocessing = 0;
			shellPath = /bin/sh;
			shellScript = "\"${SRCROOT}/Pods/Target Support Files/Pods-MoviesUITests/Pods-MoviesUITests-resources.sh\"\n";
			showEnvVarsInLog = 0;
		};
		F87844C621D27ABEC2BAAF87 /* [CP] Check Pods Manifest.lock */ = {
			isa = PBXShellScriptBuildPhase;
			buildActionMask = 2147483647;
			files = (
			);
			inputPaths = (
			);
			name = "[CP] Check Pods Manifest.lock";
			outputPaths = (
			);
			runOnlyForDeploymentPostprocessing = 0;
			shellPath = /bin/sh;
			shellScript = "diff \"${PODS_PODFILE_DIR_PATH}/Podfile.lock\" \"${PODS_ROOT}/Manifest.lock\" > /dev/null\nif [ $? != 0 ] ; then\n    # print error to STDERR\n    echo \"error: The sandbox is not in sync with the Podfile.lock. Run 'pod install' or update your CocoaPods installation.\" >&2\n    exit 1\nfi\n";
			showEnvVarsInLog = 0;
		};
/* End PBXShellScriptBuildPhase section */

/* Begin PBXSourcesBuildPhase section */
		B41BFD7D1EB96C57009AF1E0 /* Sources */ = {
			isa = PBXSourcesBuildPhase;
			buildActionMask = 2147483647;
			files = (
				B41BFDB61EB993E3009AF1E0 /* MovieDetailViewController.swift in Sources */,
				B41BFD871EB96C57009AF1E0 /* ViewController.swift in Sources */,
				B41BFDB81EBA2513009AF1E0 /* MovieResultModel.swift in Sources */,
				B41BFDBC1EBA756E009AF1E0 /* MovieListTableViewCell.swift in Sources */,
				B41BFD8D1EB96C57009AF1E0 /* Movies.xcdatamodeld in Sources */,
				B41BFD851EB96C57009AF1E0 /* AppDelegate.swift in Sources */,
				B41BFDBA1EBA512E009AF1E0 /* MovieImageDetailCell.swift in Sources */,
			);
			runOnlyForDeploymentPostprocessing = 0;
		};
		B41BFD941EB96C57009AF1E0 /* Sources */ = {
			isa = PBXSourcesBuildPhase;
			buildActionMask = 2147483647;
			files = (
				B41BFD9D1EB96C57009AF1E0 /* MoviesTests.swift in Sources */,
			);
			runOnlyForDeploymentPostprocessing = 0;
		};
		B41BFD9F1EB96C57009AF1E0 /* Sources */ = {
			isa = PBXSourcesBuildPhase;
			buildActionMask = 2147483647;
			files = (
				B41BFDA81EB96C57009AF1E0 /* MoviesUITests.swift in Sources */,
			);
			runOnlyForDeploymentPostprocessing = 0;
		};
/* End PBXSourcesBuildPhase section */

/* Begin PBXTargetDependency section */
		B41BFD9A1EB96C57009AF1E0 /* PBXTargetDependency */ = {
			isa = PBXTargetDependency;
			target = B41BFD801EB96C57009AF1E0 /* Movies */;
			targetProxy = B41BFD991EB96C57009AF1E0 /* PBXContainerItemProxy */;
		};
		B41BFDA51EB96C57009AF1E0 /* PBXTargetDependency */ = {
			isa = PBXTargetDependency;
			target = B41BFD801EB96C57009AF1E0 /* Movies */;
			targetProxy = B41BFDA41EB96C57009AF1E0 /* PBXContainerItemProxy */;
		};
/* End PBXTargetDependency section */

/* Begin PBXVariantGroup section */
		B41BFD881EB96C57009AF1E0 /* Main.storyboard */ = {
			isa = PBXVariantGroup;
			children = (
				B41BFD891EB96C57009AF1E0 /* Base */,
			);
			name = Main.storyboard;
			sourceTree = "<group>";
		};
		B41BFD901EB96C57009AF1E0 /* LaunchScreen.storyboard */ = {
			isa = PBXVariantGroup;
			children = (
				B41BFD911EB96C57009AF1E0 /* Base */,
			);
			name = LaunchScreen.storyboard;
			sourceTree = "<group>";
		};
/* End PBXVariantGroup section */

/* Begin XCBuildConfiguration section */
		B41BFDAA1EB96C57009AF1E0 /* Debug */ = {
			isa = XCBuildConfiguration;
			buildSettings = {
				ALWAYS_SEARCH_USER_PATHS = NO;
				CLANG_ANALYZER_NONNULL = YES;
				CLANG_CXX_LANGUAGE_STANDARD = "gnu++0x";
				CLANG_CXX_LIBRARY = "libc++";
				CLANG_ENABLE_MODULES = YES;
				CLANG_ENABLE_OBJC_ARC = YES;
				CLANG_WARN_BOOL_CONVERSION = YES;
				CLANG_WARN_CONSTANT_CONVERSION = YES;
				CLANG_WARN_DIRECT_OBJC_ISA_USAGE = YES_ERROR;
				CLANG_WARN_DOCUMENTATION_COMMENTS = YES;
				CLANG_WARN_EMPTY_BODY = YES;
				CLANG_WARN_ENUM_CONVERSION = YES;
				CLANG_WARN_INFINITE_RECURSION = YES;
				CLANG_WARN_INT_CONVERSION = YES;
				CLANG_WARN_OBJC_ROOT_CLASS = YES_ERROR;
				CLANG_WARN_SUSPICIOUS_MOVE = YES;
				CLANG_WARN_UNREACHABLE_CODE = YES;
				CLANG_WARN__DUPLICATE_METHOD_MATCH = YES;
				"CODE_SIGN_IDENTITY[sdk=iphoneos*]" = "iPhone Developer";
				COPY_PHASE_STRIP = NO;
				DEBUG_INFORMATION_FORMAT = dwarf;
				ENABLE_STRICT_OBJC_MSGSEND = YES;
				ENABLE_TESTABILITY = YES;
				GCC_C_LANGUAGE_STANDARD = gnu99;
				GCC_DYNAMIC_NO_PIC = NO;
				GCC_NO_COMMON_BLOCKS = YES;
				GCC_OPTIMIZATION_LEVEL = 0;
				GCC_PREPROCESSOR_DEFINITIONS = (
					"DEBUG=1",
					"$(inherited)",
				);
				GCC_WARN_64_TO_32_BIT_CONVERSION = YES;
				GCC_WARN_ABOUT_RETURN_TYPE = YES_ERROR;
				GCC_WARN_UNDECLARED_SELECTOR = YES;
				GCC_WARN_UNINITIALIZED_AUTOS = YES_AGGRESSIVE;
				GCC_WARN_UNUSED_FUNCTION = YES;
				GCC_WARN_UNUSED_VARIABLE = YES;
				IPHONEOS_DEPLOYMENT_TARGET = 10.2;
				MTL_ENABLE_DEBUG_INFO = YES;
				ONLY_ACTIVE_ARCH = YES;
				SDKROOT = iphoneos;
				SWIFT_ACTIVE_COMPILATION_CONDITIONS = DEBUG;
				SWIFT_OPTIMIZATION_LEVEL = "-Onone";
				TARGETED_DEVICE_FAMILY = "1,2";
			};
			name = Debug;
		};
		B41BFDAB1EB96C57009AF1E0 /* Release */ = {
			isa = XCBuildConfiguration;
			buildSettings = {
				ALWAYS_SEARCH_USER_PATHS = NO;
				CLANG_ANALYZER_NONNULL = YES;
				CLANG_CXX_LANGUAGE_STANDARD = "gnu++0x";
				CLANG_CXX_LIBRARY = "libc++";
				CLANG_ENABLE_MODULES = YES;
				CLANG_ENABLE_OBJC_ARC = YES;
				CLANG_WARN_BOOL_CONVERSION = YES;
				CLANG_WARN_CONSTANT_CONVERSION = YES;
				CLANG_WARN_DIRECT_OBJC_ISA_USAGE = YES_ERROR;
				CLANG_WARN_DOCUMENTATION_COMMENTS = YES;
				CLANG_WARN_EMPTY_BODY = YES;
				CLANG_WARN_ENUM_CONVERSION = YES;
				CLANG_WARN_INFINITE_RECURSION = YES;
				CLANG_WARN_INT_CONVERSION = YES;
				CLANG_WARN_OBJC_ROOT_CLASS = YES_ERROR;
				CLANG_WARN_SUSPICIOUS_MOVE = YES;
				CLANG_WARN_UNREACHABLE_CODE = YES;
				CLANG_WARN__DUPLICATE_METHOD_MATCH = YES;
				"CODE_SIGN_IDENTITY[sdk=iphoneos*]" = "iPhone Developer";
				COPY_PHASE_STRIP = NO;
				DEBUG_INFORMATION_FORMAT = "dwarf-with-dsym";
				ENABLE_NS_ASSERTIONS = NO;
				ENABLE_STRICT_OBJC_MSGSEND = YES;
				GCC_C_LANGUAGE_STANDARD = gnu99;
				GCC_NO_COMMON_BLOCKS = YES;
				GCC_WARN_64_TO_32_BIT_CONVERSION = YES;
				GCC_WARN_ABOUT_RETURN_TYPE = YES_ERROR;
				GCC_WARN_UNDECLARED_SELECTOR = YES;
				GCC_WARN_UNINITIALIZED_AUTOS = YES_AGGRESSIVE;
				GCC_WARN_UNUSED_FUNCTION = YES;
				GCC_WARN_UNUSED_VARIABLE = YES;
				IPHONEOS_DEPLOYMENT_TARGET = 10.2;
				MTL_ENABLE_DEBUG_INFO = NO;
				SDKROOT = iphoneos;
				SWIFT_OPTIMIZATION_LEVEL = "-Owholemodule";
				TARGETED_DEVICE_FAMILY = "1,2";
				VALIDATE_PRODUCT = YES;
			};
			name = Release;
		};
		B41BFDAD1EB96C57009AF1E0 /* Debug */ = {
			isa = XCBuildConfiguration;
			baseConfigurationReference = DF532A327602E7B040390DD5 /* Pods-Movies.debug.xcconfig */;
			buildSettings = {
				ASSETCATALOG_COMPILER_APPICON_NAME = AppIcon;
				INFOPLIST_FILE = Movies/Info.plist;
				LD_RUNPATH_SEARCH_PATHS = "$(inherited) @executable_path/Frameworks";
				PRODUCT_BUNDLE_IDENTIFIER = com.RamSuba.Movies;
				PRODUCT_NAME = "$(TARGET_NAME)";
				SWIFT_VERSION = 3.0;
			};
			name = Debug;
		};
		B41BFDAE1EB96C57009AF1E0 /* Release */ = {
			isa = XCBuildConfiguration;
			baseConfigurationReference = 30CD6038E3CAB4D52FE4AB13 /* Pods-Movies.release.xcconfig */;
			buildSettings = {
				ASSETCATALOG_COMPILER_APPICON_NAME = AppIcon;
				INFOPLIST_FILE = Movies/Info.plist;
				LD_RUNPATH_SEARCH_PATHS = "$(inherited) @executable_path/Frameworks";
				PRODUCT_BUNDLE_IDENTIFIER = com.RamSuba.Movies;
				PRODUCT_NAME = "$(TARGET_NAME)";
				SWIFT_VERSION = 3.0;
			};
			name = Release;
		};
		B41BFDB01EB96C57009AF1E0 /* Debug */ = {
			isa = XCBuildConfiguration;
			baseConfigurationReference = 3F9B7E05A4A62C4B6FD0EF80 /* Pods-MoviesTests.debug.xcconfig */;
			buildSettings = {
				ALWAYS_EMBED_SWIFT_STANDARD_LIBRARIES = YES;
				BUNDLE_LOADER = "$(TEST_HOST)";
				INFOPLIST_FILE = MoviesTests/Info.plist;
				LD_RUNPATH_SEARCH_PATHS = "$(inherited) @executable_path/Frameworks @loader_path/Frameworks";
				PRODUCT_BUNDLE_IDENTIFIER = com.RamSuba.MoviesTests;
				PRODUCT_NAME = "$(TARGET_NAME)";
				SWIFT_VERSION = 3.0;
				TEST_HOST = "$(BUILT_PRODUCTS_DIR)/Movies.app/Movies";
			};
			name = Debug;
		};
		B41BFDB11EB96C57009AF1E0 /* Release */ = {
			isa = XCBuildConfiguration;
			baseConfigurationReference = B82652AC614988F3D986B735 /* Pods-MoviesTests.release.xcconfig */;
			buildSettings = {
				ALWAYS_EMBED_SWIFT_STANDARD_LIBRARIES = YES;
				BUNDLE_LOADER = "$(TEST_HOST)";
				INFOPLIST_FILE = MoviesTests/Info.plist;
				LD_RUNPATH_SEARCH_PATHS = "$(inherited) @executable_path/Frameworks @loader_path/Frameworks";
				PRODUCT_BUNDLE_IDENTIFIER = com.RamSuba.MoviesTests;
				PRODUCT_NAME = "$(TARGET_NAME)";
				SWIFT_VERSION = 3.0;
				TEST_HOST = "$(BUILT_PRODUCTS_DIR)/Movies.app/Movies";
			};
			name = Release;
		};
		B41BFDB31EB96C57009AF1E0 /* Debug */ = {
			isa = XCBuildConfiguration;
			baseConfigurationReference = 616E31BB465C003E2A8F6ABA /* Pods-MoviesUITests.debug.xcconfig */;
			buildSettings = {
				ALWAYS_EMBED_SWIFT_STANDARD_LIBRARIES = YES;
				INFOPLIST_FILE = MoviesUITests/Info.plist;
				LD_RUNPATH_SEARCH_PATHS = "$(inherited) @executable_path/Frameworks @loader_path/Frameworks";
				PRODUCT_BUNDLE_IDENTIFIER = com.RamSuba.MoviesUITests;
				PRODUCT_NAME = "$(TARGET_NAME)";
				SWIFT_VERSION = 3.0;
				TEST_TARGET_NAME = Movies;
			};
			name = Debug;
		};
		B41BFDB41EB96C57009AF1E0 /* Release */ = {
			isa = XCBuildConfiguration;
			baseConfigurationReference = B1D7B8D20E8D6AC57F05F650 /* Pods-MoviesUITests.release.xcconfig */;
			buildSettings = {
				ALWAYS_EMBED_SWIFT_STANDARD_LIBRARIES = YES;
				INFOPLIST_FILE = MoviesUITests/Info.plist;
				LD_RUNPATH_SEARCH_PATHS = "$(inherited) @executable_path/Frameworks @loader_path/Frameworks";
				PRODUCT_BUNDLE_IDENTIFIER = com.RamSuba.MoviesUITests;
				PRODUCT_NAME = "$(TARGET_NAME)";
				SWIFT_VERSION = 3.0;
				TEST_TARGET_NAME = Movies;
			};
			name = Release;
		};
/* End XCBuildConfiguration section */

/* Begin XCConfigurationList section */
		B41BFD7C1EB96C57009AF1E0 /* Build configuration list for PBXProject "Movies" */ = {
			isa = XCConfigurationList;
			buildConfigurations = (
				B41BFDAA1EB96C57009AF1E0 /* Debug */,
				B41BFDAB1EB96C57009AF1E0 /* Release */,
			);
			defaultConfigurationIsVisible = 0;
			defaultConfigurationName = Release;
		};
		B41BFDAC1EB96C57009AF1E0 /* Build configuration list for PBXNativeTarget "Movies" */ = {
			isa = XCConfigurationList;
			buildConfigurations = (
				B41BFDAD1EB96C57009AF1E0 /* Debug */,
				B41BFDAE1EB96C57009AF1E0 /* Release */,
			);
			defaultConfigurationIsVisible = 0;
			defaultConfigurationName = Release;
		};
		B41BFDAF1EB96C57009AF1E0 /* Build configuration list for PBXNativeTarget "MoviesTests" */ = {
			isa = XCConfigurationList;
			buildConfigurations = (
				B41BFDB01EB96C57009AF1E0 /* Debug */,
				B41BFDB11EB96C57009AF1E0 /* Release */,
			);
			defaultConfigurationIsVisible = 0;
			defaultConfigurationName = Release;
		};
		B41BFDB21EB96C57009AF1E0 /* Build configuration list for PBXNativeTarget "MoviesUITests" */ = {
			isa = XCConfigurationList;
			buildConfigurations = (
				B41BFDB31EB96C57009AF1E0 /* Debug */,
				B41BFDB41EB96C57009AF1E0 /* Release */,
			);
			defaultConfigurationIsVisible = 0;
			defaultConfigurationName = Release;
		};
/* End XCConfigurationList section */

/* Begin XCVersionGroup section */
		B41BFD8B1EB96C57009AF1E0 /* Movies.xcdatamodeld */ = {
			isa = XCVersionGroup;
			children = (
				B41BFD8C1EB96C57009AF1E0 /* Movies.xcdatamodel */,
			);
			currentVersion = B41BFD8C1EB96C57009AF1E0 /* Movies.xcdatamodel */;
			path = Movies.xcdatamodeld;
			sourceTree = "<group>";
			versionGroupType = wrapper.xcdatamodel;
		};
/* End XCVersionGroup section */
	};
	rootObject = B41BFD791EB96C57009AF1E0 /* Project object */;
}
